// !$*UTF8*$!
{
	archiveVersion = 1;
	classes = {
	};
	objectVersion = 48;
	objects = {

/* Begin PBXBuildFile section */
		A679803E1FFBF99100E44EC8 /* AppDelegate.swift in Sources */ = {isa = PBXBuildFile; fileRef = A679803D1FFBF99100E44EC8 /* AppDelegate.swift */; };
		A67980401FFBF99200E44EC8 /* ViewController.swift in Sources */ = {isa = PBXBuildFile; fileRef = A679803F1FFBF99200E44EC8 /* ViewController.swift */; };
		A67980431FFBF99200E44EC8 /* Main.storyboard in Resources */ = {isa = PBXBuildFile; fileRef = A67980411FFBF99200E44EC8 /* Main.storyboard */; };
		A67980461FFBF99200E44EC8 /* Sample.xcdatamodeld in Sources */ = {isa = PBXBuildFile; fileRef = A67980441FFBF99200E44EC8 /* Sample.xcdatamodeld */; };
		A67980481FFBF99200E44EC8 /* Assets.xcassets in Resources */ = {isa = PBXBuildFile; fileRef = A67980471FFBF99200E44EC8 /* Assets.xcassets */; };
		A679804B1FFBF99200E44EC8 /* LaunchScreen.storyboard in Resources */ = {isa = PBXBuildFile; fileRef = A67980491FFBF99200E44EC8 /* LaunchScreen.storyboard */; };
/* End PBXBuildFile section */

/* Begin PBXFileReference section */
		A679803A1FFBF99100E44EC8 /* ImaginIOT.app */ = {isa = PBXFileReference; explicitFileType = wrapper.application; includeInIndex = 0; path = ImaginIOT.app; sourceTree = BUILT_PRODUCTS_DIR; };
		A679803D1FFBF99100E44EC8 /* AppDelegate.swift */ = {isa = PBXFileReference; lastKnownFileType = sourcecode.swift; path = AppDelegate.swift; sourceTree = "<group>"; };
		A679803F1FFBF99200E44EC8 /* ViewController.swift */ = {isa = PBXFileReference; lastKnownFileType = sourcecode.swift; path = ViewController.swift; sourceTree = "<group>"; };
		A67980421FFBF99200E44EC8 /* Base */ = {isa = PBXFileReference; lastKnownFileType = file.storyboard; name = Base; path = Base.lproj/Main.storyboard; sourceTree = "<group>"; };
		A67980451FFBF99200E44EC8 /* ImaginIOT.xcdatamodel */ = {isa = PBXFileReference; lastKnownFileType = wrapper.xcdatamodel; path = ImaginIOT.xcdatamodel; sourceTree = "<group>"; };
		A67980471FFBF99200E44EC8 /* Assets.xcassets */ = {isa = PBXFileReference; lastKnownFileType = folder.assetcatalog; path = Assets.xcassets; sourceTree = "<group>"; };
		A679804A1FFBF99200E44EC8 /* Base */ = {isa = PBXFileReference; lastKnownFileType = file.storyboard; name = Base; path = Base.lproj/LaunchScreen.storyboard; sourceTree = "<group>"; };
		A679804C1FFBF99200E44EC8 /* Info.plist */ = {isa = PBXFileReference; lastKnownFileType = text.plist.xml; path = Info.plist; sourceTree = "<group>"; };
/* End PBXFileReference section */

/* Begin PBXFrameworksBuildPhase section */
		A67980371FFBF99100E44EC8 /* Frameworks */ = {
			isa = PBXFrameworksBuildPhase;
			buildActionMask = 2147483647;
			files = (
			);
			runOnlyForDeploymentPostprocessing = 0;
		};
/* End PBXFrameworksBuildPhase section */

/* Begin PBXGroup section */
		A67980311FFBF99100E44EC8 = {
			isa = PBXGroup;
			children = (
				A679803C1FFBF99100E44EC8 /* ImaginIOT */,
				A679803B1FFBF99100E44EC8 /* Products */,
			);
			sourceTree = "<group>";
		};
		A679803B1FFBF99100E44EC8 /* Products */ = {
			isa = PBXGroup;
			children = (
				A679803A1FFBF99100E44EC8 /* ImaginIOT.app */,
			);
			name = Products;
			sourceTree = "<group>";
		};
		A679803C1FFBF99100E44EC8 /* ImaginIOT */ = {
			isa = PBXGroup;
			children = (
				A679803D1FFBF99100E44EC8 /* AppDelegate.swift */,
				A679803F1FFBF99200E44EC8 /* ViewController.swift */,
				A67980411FFBF99200E44EC8 /* Main.storyboard */,
				A67980471FFBF99200E44EC8 /* Assets.xcassets */,
				A67980491FFBF99200E44EC8 /* LaunchScreen.storyboard */,
				A679804C1FFBF99200E44EC8 /* Info.plist */,
				A67980441FFBF99200E44EC8 /* Sample.xcdatamodeld */,
			);
			path = ImaginIOT;
			sourceTree = "<group>";
		};
/* End PBXGroup section */

/* Begin PBXNativeTarget section */
		A67980391FFBF99100E44EC8 /* ImaginIOT */ = {
			isa = PBXNativeTarget;
			buildConfigurationList = A679804F1FFBF99200E44EC8 /* Build configuration list for PBXNativeTarget "ImaginIOT" */;
			buildPhases = (
				A67980361FFBF99100E44EC8 /* Sources */,
				A67980371FFBF99100E44EC8 /* Frameworks */,
				A67980381FFBF99100E44EC8 /* Resources */,
			);
			buildRules = (
			);
			dependencies = (
			);
			name = ImaginIOT;
			productName = ImaginIOT;
			productReference = A679803A1FFBF99100E44EC8 /* ImaginIOT.app */;
			productType = "com.apple.product-type.application";
		};
/* End PBXNativeTarget section */

/* Begin PBXProject section */
		A67980321FFBF99100E44EC8 /* Project object */ = {
			isa = PBXProject;
			attributes = {
				LastSwiftUpdateCheck = 0920;
				LastUpgradeCheck = 0920;
				ORGANIZATIONNAME = "Koushik Kashojjula";
				TargetAttributes = {
					A67980391FFBF99100E44EC8 = {
						CreatedOnToolsVersion = 9.2;
						ProvisioningStyle = Automatic;
					};
				};
			};
			buildConfigurationList = A67980351FFBF99100E44EC8 /* Build configuration list for PBXProject "ImaginIOT" */;
			compatibilityVersion = "Xcode 8.0";
			developmentRegion = en;
			hasScannedForEncodings = 0;
			knownRegions = (
				en,
				Base,
			);
			mainGroup = A67980311FFBF99100E44EC8;
			productRefGroup = A679803B1FFBF99100E44EC8 /* Products */;
			projectDirPath = "";
			projectRoot = "";
			targets = (
				A67980391FFBF99100E44EC8 /* ImaginIOT */,
			);
		};
/* End PBXProject section */

/* Begin PBXResourcesBuildPhase section */
		A67980381FFBF99100E44EC8 /* Resources */ = {
			isa = PBXResourcesBuildPhase;
			buildActionMask = 2147483647;
			files = (
				A679804B1FFBF99200E44EC8 /* LaunchScreen.storyboard in Resources */,
				A67980481FFBF99200E44EC8 /* Assets.xcassets in Resources */,
				A67980431FFBF99200E44EC8 /* Main.storyboard in Resources */,
			);
			runOnlyForDeploymentPostprocessing = 0;
		};
/* End PBXResourcesBuildPhase section */

/* Begin PBXSourcesBuildPhase section */
		A67980361FFBF99100E44EC8 /* Sources */ = {
			isa = PBXSourcesBuildPhase;
			buildActionMask = 2147483647;
			files = (
				A67980401FFBF99200E44EC8 /* ViewController.swift in Sources */,
				A679803E1FFBF99100E44EC8 /* AppDelegate.swift in Sources */,
				A67980461FFBF99200E44EC8 /* Sample.xcdatamodeld in Sources */,
			);
			runOnlyForDeploymentPostprocessing = 0;
		};
/* End PBXSourcesBuildPhase section */

/* Begin PBXVariantGroup section */
		A67980411FFBF99200E44EC8 /* Main.storyboard */ = {
			isa = PBXVariantGroup;
			children = (
				A67980421FFBF99200E44EC8 /* Base */,
			);
			name = Main.storyboard;
			sourceTree = "<group>";
		};
		A67980491FFBF99200E44EC8 /* LaunchScreen.storyboard */ = {
			isa = PBXVariantGroup;
			children = (
				A679804A1FFBF99200E44EC8 /* Base */,
			);
			name = LaunchScreen.storyboard;
			sourceTree = "<group>";
		};
/* End PBXVariantGroup section */

/* Begin XCBuildConfiguration section */
		A679804D1FFBF99200E44EC8 /* Debug */ = {
			isa = XCBuildConfiguration;
			buildSettings = {
				ALWAYS_SEARCH_USER_PATHS = NO;
				CLANG_ANALYZER_NONNULL = YES;
				CLANG_ANALYZER_NUMBER_OBJECT_CONVERSION = YES_AGGRESSIVE;
				CLANG_CXX_LANGUAGE_STANDARD = "gnu++14";
				CLANG_CXX_LIBRARY = "libc++";
				CLANG_ENABLE_MODULES = YES;
				CLANG_ENABLE_OBJC_ARC = YES;
				CLANG_WARN_BLOCK_CAPTURE_AUTORELEASING = YES;
				CLANG_WARN_BOOL_CONVERSION = YES;
				CLANG_WARN_COMMA = YES;
				CLANG_WARN_CONSTANT_CONVERSION = YES;
				CLANG_WARN_DIRECT_OBJC_ISA_USAGE = YES_ERROR;
				CLANG_WARN_DOCUMENTATION_COMMENTS = YES;
				CLANG_WARN_EMPTY_BODY = YES;
				CLANG_WARN_ENUM_CONVERSION = YES;
				CLANG_WARN_INFINITE_RECURSION = YES;
				CLANG_WARN_INT_CONVERSION = YES;
				CLANG_WARN_NON_LITERAL_NULL_CONVERSION = YES;
				CLANG_WARN_OBJC_LITERAL_CONVERSION = YES;
				CLANG_WARN_OBJC_ROOT_CLASS = YES_ERROR;
				CLANG_WARN_RANGE_LOOP_ANALYSIS = YES;
				CLANG_WARN_STRICT_PROTOTYPES = YES;
				CLANG_WARN_SUSPICIOUS_MOVE = YES;
				CLANG_WARN_UNGUARDED_AVAILABILITY = YES_AGGRESSIVE;
				CLANG_WARN_UNREACHABLE_CODE = YES;
				CLANG_WARN__DUPLICATE_METHOD_MATCH = YES;
				CODE_SIGN_IDENTITY = "iPhone Developer";
				COPY_PHASE_STRIP = NO;
				DEBUG_INFORMATION_FORMAT = dwarf;
				ENABLE_STRICT_OBJC_MSGSEND = YES;
				ENABLE_TESTABILITY = YES;
				GCC_C_LANGUAGE_STANDARD = gnu11;
				GCC_DYNAMIC_NO_PIC = NO;
				GCC_NO_COMMON_BLOCKS = YES;
				GCC_OPTIMIZATION_LEVEL = 0;
				GCC_PREPROCESSOR_DEFINITIONS = (
					"DEBUG=1",
					"$(inherited)",
				);
				GCC_WARN_64_TO_32_BIT_CONVERSION = YES;
				GCC_WARN_ABOUT_RETURN_TYPE = YES_ERROR;
				GCC_WARN_UNDECLARED_SELECTOR = YES;
				GCC_WARN_UNINITIALIZED_AUTOS = YES_AGGRESSIVE;
				GCC_WARN_UNUSED_FUNCTION = YES;
				GCC_WARN_UNUSED_VARIABLE = YES;
				IPHONEOS_DEPLOYMENT_TARGET = 11.2;
				MTL_ENABLE_DEBUG_INFO = YES;
				ONLY_ACTIVE_ARCH = YES;
				SDKROOT = iphoneos;
				SWIFT_ACTIVE_COMPILATION_CONDITIONS = DEBUG;
				SWIFT_OPTIMIZATION_LEVEL = "-Onone";
			};
			name = Debug;
		};
		A679804E1FFBF99200E44EC8 /* Release */ = {
			isa = XCBuildConfiguration;
			buildSettings = {
				ALWAYS_SEARCH_USER_PATHS = NO;
				CLANG_ANALYZER_NONNULL = YES;
				CLANG_ANALYZER_NUMBER_OBJECT_CONVERSION = YES_AGGRESSIVE;
				CLANG_CXX_LANGUAGE_STANDARD = "gnu++14";
				CLANG_CXX_LIBRARY = "libc++";
				CLANG_ENABLE_MODULES = YES;
				CLANG_ENABLE_OBJC_ARC = YES;
				CLANG_WARN_BLOCK_CAPTURE_AUTORELEASING = YES;
				CLANG_WARN_BOOL_CONVERSION = YES;
				CLANG_WARN_COMMA = YES;
				CLANG_WARN_CONSTANT_CONVERSION = YES;
				CLANG_WARN_DIRECT_OBJC_ISA_USAGE = YES_ERROR;
				CLANG_WARN_DOCUMENTATION_COMMENTS = YES;
				CLANG_WARN_EMPTY_BODY = YES;
				CLANG_WARN_ENUM_CONVERSION = YES;
				CLANG_WARN_INFINITE_RECURSION = YES;
				CLANG_WARN_INT_CONVERSION = YES;
				CLANG_WARN_NON_LITERAL_NULL_CONVERSION = YES;
				CLANG_WARN_OBJC_LITERAL_CONVERSION = YES;
				CLANG_WARN_OBJC_ROOT_CLASS = YES_ERROR;
				CLANG_WARN_RANGE_LOOP_ANALYSIS = YES;
				CLANG_WARN_STRICT_PROTOTYPES = YES;
				CLANG_WARN_SUSPICIOUS_MOVE = YES;
				CLANG_WARN_UNGUARDED_AVAILABILITY = YES_AGGRESSIVE;
				CLANG_WARN_UNREACHABLE_CODE = YES;
				CLANG_WARN__DUPLICATE_METHOD_MATCH = YES;
				CODE_SIGN_IDENTITY = "iPhone Developer";
				COPY_PHASE_STRIP = NO;
				DEBUG_INFORMATION_FORMAT = "dwarf-with-dsym";
				ENABLE_NS_ASSERTIONS = NO;
				ENABLE_STRICT_OBJC_MSGSEND = YES;
				GCC_C_LANGUAGE_STANDARD = gnu11;
				GCC_NO_COMMON_BLOCKS = YES;
				GCC_WARN_64_TO_32_BIT_CONVERSION = YES;
				GCC_WARN_ABOUT_RETURN_TYPE = YES_ERROR;
				GCC_WARN_UNDECLARED_SELECTOR = YES;
				GCC_WARN_UNINITIALIZED_AUTOS = YES_AGGRESSIVE;
				GCC_WARN_UNUSED_FUNCTION = YES;
				GCC_WARN_UNUSED_VARIABLE = YES;
				IPHONEOS_DEPLOYMENT_TARGET = 11.2;
				MTL_ENABLE_DEBUG_INFO = NO;
				SDKROOT = iphoneos;
				SWIFT_OPTIMIZATION_LEVEL = "-Owholemodule";
				VALIDATE_PRODUCT = YES;
			};
			name = Release;
		};
		A67980501FFBF99200E44EC8 /* Debug */ = {
			isa = XCBuildConfiguration;
			buildSettings = {
				ASSETCATALOG_COMPILER_APPICON_NAME = AppIcon;
				CODE_SIGN_STYLE = Automatic;
				DEVELOPMENT_TEAM = SX53N6JZ55;
				INFOPLIST_FILE = ImaginIOT/Info.plist;
				LD_RUNPATH_SEARCH_PATHS = "$(inherited) @executable_path/Frameworks";
				PRODUCT_BUNDLE_IDENTIFIER = com.koushik.ImaginIOT;
				PRODUCT_NAME = "$(TARGET_NAME)";
				SWIFT_VERSION = 4.0;
				TARGETED_DEVICE_FAMILY = "1,2";
			};
			name = Debug;
		};
		A67980511FFBF99200E44EC8 /* Release */ = {
			isa = XCBuildConfiguration;
			buildSettings = {
				ASSETCATALOG_COMPILER_APPICON_NAME = AppIcon;
				CODE_SIGN_STYLE = Automatic;
				DEVELOPMENT_TEAM = SX53N6JZ55;
				INFOPLIST_FILE = ImaginIOT/Info.plist;
				LD_RUNPATH_SEARCH_PATHS = "$(inherited) @executable_path/Frameworks";
				PRODUCT_BUNDLE_IDENTIFIER = com.koushik.ImaginIOT;
				PRODUCT_NAME = "$(TARGET_NAME)";
				SWIFT_VERSION = 4.0;
				TARGETED_DEVICE_FAMILY = "1,2";
			};
			name = Release;
		};
/* End XCBuildConfiguration section */

/* Begin XCConfigurationList section */
		A67980351FFBF99100E44EC8 /* Build configuration list for PBXProject "ImaginIOT" */ = {
			isa = XCConfigurationList;
			buildConfigurations = (
				A679804D1FFBF99200E44EC8 /* Debug */,
				A679804E1FFBF99200E44EC8 /* Release */,
			);
			defaultConfigurationIsVisible = 0;
			defaultConfigurationName = Release;
		};
		A679804F1FFBF99200E44EC8 /* Build configuration list for PBXNativeTarget "ImaginIOT" */ = {
			isa = XCConfigurationList;
			buildConfigurations = (
				A67980501FFBF99200E44EC8 /* Debug */,
				A67980511FFBF99200E44EC8 /* Release */,
			);
			defaultConfigurationIsVisible = 0;
			defaultConfigurationName = Release;
		};
/* End XCConfigurationList section */

/* Begin XCVersionGroup section */
		A67980441FFBF99200E44EC8 /* Sample.xcdatamodeld */ = {
			isa = XCVersionGroup;
			children = (
				A67980451FFBF99200E44EC8 /* ImaginIOT.xcdatamodel */,
			);
			currentVersion = A67980451FFBF99200E44EC8 /* ImaginIOT.xcdatamodel */;
			path = Sample.xcdatamodeld;
			sourceTree = "<group>";
			versionGroupType = wrapper.xcdatamodel;
		};
/* End XCVersionGroup section */
	};
	rootObject = A67980321FFBF99100E44EC8 /* Project object */;
}
